// !$*UTF8*$!
{
	archiveVersion = 1;
	classes = {
	};
	objectVersion = 56;
	objects = {

/* Begin PBXBuildFile section */
		A3BCC3DA6FF7EA701C999121 /* Pods_PulsApp.framework in Frameworks */ = {isa = PBXBuildFile; fileRef = CD7E8E08117A48842EEB6361 /* Pods_PulsApp.framework */; };
		FA22B6582B88E0350071E256 /* SFProDisplay-Bold.ttf in Resources */ = {isa = PBXBuildFile; fileRef = FA22B6572B88E0350071E256 /* SFProDisplay-Bold.ttf */; };
		FA9227C12B99F4290065408B /* ProgressView.swift in Sources */ = {isa = PBXBuildFile; fileRef = FA9227C02B99F4290065408B /* ProgressView.swift */; };
		FA9709BD2B877CB90060BFBA /* AppDelegate.swift in Sources */ = {isa = PBXBuildFile; fileRef = FA9709BC2B877CB90060BFBA /* AppDelegate.swift */; };
		FA9709BF2B877CB90060BFBA /* SceneDelegate.swift in Sources */ = {isa = PBXBuildFile; fileRef = FA9709BE2B877CB90060BFBA /* SceneDelegate.swift */; };
		FA9709C12B877CB90060BFBA /* AboutMeViewController.swift in Sources */ = {isa = PBXBuildFile; fileRef = FA9709C02B877CB90060BFBA /* AboutMeViewController.swift */; };
		FA9709C62B877CBA0060BFBA /* Assets.xcassets in Resources */ = {isa = PBXBuildFile; fileRef = FA9709C52B877CBA0060BFBA /* Assets.xcassets */; };
		FA9709C92B877CBA0060BFBA /* LaunchScreen.storyboard in Resources */ = {isa = PBXBuildFile; fileRef = FA9709C72B877CBA0060BFBA /* LaunchScreen.storyboard */; };
		FA9C7F882B9C870F002CC469 /* CustomTabBarController.swift in Sources */ = {isa = PBXBuildFile; fileRef = FA9C7F872B9C870F002CC469 /* CustomTabBarController.swift */; };
		FAA031362B8DE7F400DBBA63 /* CustomParametersCell.swift in Sources */ = {isa = PBXBuildFile; fileRef = FAA031352B8DE7F400DBBA63 /* CustomParametersCell.swift */; };
		FAA64F472BAC73E700DE40CA /* Extension.swift in Sources */ = {isa = PBXBuildFile; fileRef = FAA64F462BAC73E700DE40CA /* Extension.swift */; };
		FAABD57C2B8B5DE6008CB3D4 /* CustomGenderCell.swift in Sources */ = {isa = PBXBuildFile; fileRef = FAABD57B2B8B5DE6008CB3D4 /* CustomGenderCell.swift */; };
		FAB777502BB060FD00EE193E /* SizeFactor.swift in Sources */ = {isa = PBXBuildFile; fileRef = FAB7774F2BB060FD00EE193E /* SizeFactor.swift */; };
		FABB5EC62BA9D3CE0037A41C /* ReusableAlertView.swift in Sources */ = {isa = PBXBuildFile; fileRef = FABB5EC52BA9D3CE0037A41C /* ReusableAlertView.swift */; };
		FAC0A6142BA862B0001F82C4 /* ManagerHeartRate.swift in Sources */ = {isa = PBXBuildFile; fileRef = FAC0A60C2BA862B0001F82C4 /* ManagerHeartRate.swift */; };
		FAC0A6152BA862B0001F82C4 /* FilterHeart.swift in Sources */ = {isa = PBXBuildFile; fileRef = FAC0A60E2BA862B0001F82C4 /* FilterHeart.swift */; };
		FAC0A6162BA862B0001F82C4 /* PulseDetectorHeart.swift in Sources */ = {isa = PBXBuildFile; fileRef = FAC0A60F2BA862B0001F82C4 /* PulseDetectorHeart.swift */; };
		FAC0A6172BA862B0001F82C4 /* AVDeviceCapture.swift in Sources */ = {isa = PBXBuildFile; fileRef = FAC0A6112BA862B0001F82C4 /* AVDeviceCapture.swift */; };
		FAC0A6182BA862B0001F82C4 /* ColorUtilitesHeart.swift in Sources */ = {isa = PBXBuildFile; fileRef = FAC0A6132BA862B0001F82C4 /* ColorUtilitesHeart.swift */; };
		FAC0A6222BA87219001F82C4 /* HeartRateViewModel.swift in Sources */ = {isa = PBXBuildFile; fileRef = FAC0A6212BA87219001F82C4 /* HeartRateViewModel.swift */; };
		FAE136652B91E960006861A4 /* HeartRateViewController.swift in Sources */ = {isa = PBXBuildFile; fileRef = FAE136642B91E960006861A4 /* HeartRateViewController.swift */; };
		FAE507D52BA5F3CB007EEA18 /* Realm in Frameworks */ = {isa = PBXBuildFile; productRef = FAE507D42BA5F3CB007EEA18 /* Realm */; };
		FAE507D72BA5F3CB007EEA18 /* RealmSwift in Frameworks */ = {isa = PBXBuildFile; productRef = FAE507D62BA5F3CB007EEA18 /* RealmSwift */; };
		FAE507DA2BA5FC47007EEA18 /* QueueManager.swift in Sources */ = {isa = PBXBuildFile; fileRef = FAE507D92BA5FC46007EEA18 /* QueueManager.swift */; };
		FAE507DF2BA5FEFB007EEA18 /* UserManager.swift in Sources */ = {isa = PBXBuildFile; fileRef = FAE507DD2BA5FEFB007EEA18 /* UserManager.swift */; };
		FAE507E02BA5FEFB007EEA18 /* UserModel.swift in Sources */ = {isa = PBXBuildFile; fileRef = FAE507DE2BA5FEFB007EEA18 /* UserModel.swift */; };
		FAE507E42BA5FF0D007EEA18 /* BPMUserSettings.swift in Sources */ = {isa = PBXBuildFile; fileRef = FAE507E22BA5FF0D007EEA18 /* BPMUserSettings.swift */; };
		FAE507E52BA5FF0D007EEA18 /* BPMUserManager.swift in Sources */ = {isa = PBXBuildFile; fileRef = FAE507E32BA5FF0D007EEA18 /* BPMUserManager.swift */; };
		FAE507E82BA60201007EEA18 /* DefiningPulseType.swift in Sources */ = {isa = PBXBuildFile; fileRef = FAE507E72BA60201007EEA18 /* DefiningPulseType.swift */; };
		FAE661A62BB43C84000890D3 /* UnitsView.swift in Sources */ = {isa = PBXBuildFile; fileRef = FAE661A52BB43C84000890D3 /* UnitsView.swift */; };
		FAE661A82BB44A0E000890D3 /* GenderFieldView.swift in Sources */ = {isa = PBXBuildFile; fileRef = FAE661A72BB44A0E000890D3 /* GenderFieldView.swift */; };
		FAF376DB2BADB13F00F311E8 /* GlobalButton.swift in Sources */ = {isa = PBXBuildFile; fileRef = FAF376DA2BADB13F00F311E8 /* GlobalButton.swift */; };
		FAFD914C2BB850DB00A5B651 /* AnalyzViewController.swift in Sources */ = {isa = PBXBuildFile; fileRef = FAFD914B2BB850DB00A5B651 /* AnalyzViewController.swift */; };
		FAFD914E2BB85EE200A5B651 /* TypesView.swift in Sources */ = {isa = PBXBuildFile; fileRef = FAFD914D2BB85EE200A5B651 /* TypesView.swift */; };
/* End PBXBuildFile section */

/* Begin PBXFileReference section */
		96824881C32335C2E0F71CE3 /* Pods-PulsApp.release.xcconfig */ = {isa = PBXFileReference; includeInIndex = 1; lastKnownFileType = text.xcconfig; name = "Pods-PulsApp.release.xcconfig"; path = "Target Support Files/Pods-PulsApp/Pods-PulsApp.release.xcconfig"; sourceTree = "<group>"; };
		CD7E8E08117A48842EEB6361 /* Pods_PulsApp.framework */ = {isa = PBXFileReference; explicitFileType = wrapper.framework; includeInIndex = 0; path = Pods_PulsApp.framework; sourceTree = BUILT_PRODUCTS_DIR; };
		F312A057ED68AA723BFC2FEB /* Pods-PulsApp.debug.xcconfig */ = {isa = PBXFileReference; includeInIndex = 1; lastKnownFileType = text.xcconfig; name = "Pods-PulsApp.debug.xcconfig"; path = "Target Support Files/Pods-PulsApp/Pods-PulsApp.debug.xcconfig"; sourceTree = "<group>"; };
		FA22B6572B88E0350071E256 /* SFProDisplay-Bold.ttf */ = {isa = PBXFileReference; lastKnownFileType = file; path = "SFProDisplay-Bold.ttf"; sourceTree = "<group>"; };
		FA9227C02B99F4290065408B /* ProgressView.swift */ = {isa = PBXFileReference; lastKnownFileType = sourcecode.swift; path = ProgressView.swift; sourceTree = "<group>"; };
		FA9709B92B877CB90060BFBA /* PulsApp.app */ = {isa = PBXFileReference; explicitFileType = wrapper.application; includeInIndex = 0; path = PulsApp.app; sourceTree = BUILT_PRODUCTS_DIR; };
		FA9709BC2B877CB90060BFBA /* AppDelegate.swift */ = {isa = PBXFileReference; lastKnownFileType = sourcecode.swift; path = AppDelegate.swift; sourceTree = "<group>"; };
		FA9709BE2B877CB90060BFBA /* SceneDelegate.swift */ = {isa = PBXFileReference; lastKnownFileType = sourcecode.swift; path = SceneDelegate.swift; sourceTree = "<group>"; };
		FA9709C02B877CB90060BFBA /* AboutMeViewController.swift */ = {isa = PBXFileReference; lastKnownFileType = sourcecode.swift; path = AboutMeViewController.swift; sourceTree = "<group>"; };
		FA9709C52B877CBA0060BFBA /* Assets.xcassets */ = {isa = PBXFileReference; lastKnownFileType = folder.assetcatalog; path = Assets.xcassets; sourceTree = "<group>"; };
		FA9709C82B877CBA0060BFBA /* Base */ = {isa = PBXFileReference; lastKnownFileType = file.storyboard; name = Base; path = Base.lproj/LaunchScreen.storyboard; sourceTree = "<group>"; };
		FA9709CA2B877CBA0060BFBA /* Info.plist */ = {isa = PBXFileReference; lastKnownFileType = text.plist.xml; name = Info.plist; path = PulsApp/Other/Info.plist; sourceTree = SOURCE_ROOT; };
		FA9C7F872B9C870F002CC469 /* CustomTabBarController.swift */ = {isa = PBXFileReference; lastKnownFileType = sourcecode.swift; path = CustomTabBarController.swift; sourceTree = "<group>"; };
		FAA031352B8DE7F400DBBA63 /* CustomParametersCell.swift */ = {isa = PBXFileReference; lastKnownFileType = sourcecode.swift; path = CustomParametersCell.swift; sourceTree = "<group>"; };
		FAA64F462BAC73E700DE40CA /* Extension.swift */ = {isa = PBXFileReference; fileEncoding = 4; lastKnownFileType = sourcecode.swift; path = Extension.swift; sourceTree = "<group>"; };
		FAABD57B2B8B5DE6008CB3D4 /* CustomGenderCell.swift */ = {isa = PBXFileReference; lastKnownFileType = sourcecode.swift; path = CustomGenderCell.swift; sourceTree = "<group>"; };
		FAB7774F2BB060FD00EE193E /* SizeFactor.swift */ = {isa = PBXFileReference; lastKnownFileType = sourcecode.swift; path = SizeFactor.swift; sourceTree = "<group>"; };
		FABB5EC52BA9D3CE0037A41C /* ReusableAlertView.swift */ = {isa = PBXFileReference; lastKnownFileType = sourcecode.swift; path = ReusableAlertView.swift; sourceTree = "<group>"; };
		FAC0A60C2BA862B0001F82C4 /* ManagerHeartRate.swift */ = {isa = PBXFileReference; fileEncoding = 4; lastKnownFileType = sourcecode.swift; path = ManagerHeartRate.swift; sourceTree = "<group>"; };
		FAC0A60E2BA862B0001F82C4 /* FilterHeart.swift */ = {isa = PBXFileReference; fileEncoding = 4; lastKnownFileType = sourcecode.swift; path = FilterHeart.swift; sourceTree = "<group>"; };
		FAC0A60F2BA862B0001F82C4 /* PulseDetectorHeart.swift */ = {isa = PBXFileReference; fileEncoding = 4; lastKnownFileType = sourcecode.swift; path = PulseDetectorHeart.swift; sourceTree = "<group>"; };
		FAC0A6112BA862B0001F82C4 /* AVDeviceCapture.swift */ = {isa = PBXFileReference; fileEncoding = 4; lastKnownFileType = sourcecode.swift; path = AVDeviceCapture.swift; sourceTree = "<group>"; };
		FAC0A6132BA862B0001F82C4 /* ColorUtilitesHeart.swift */ = {isa = PBXFileReference; fileEncoding = 4; lastKnownFileType = sourcecode.swift; path = ColorUtilitesHeart.swift; sourceTree = "<group>"; };
		FAC0A6212BA87219001F82C4 /* HeartRateViewModel.swift */ = {isa = PBXFileReference; fileEncoding = 4; lastKnownFileType = sourcecode.swift; path = HeartRateViewModel.swift; sourceTree = "<group>"; };
		FAE136642B91E960006861A4 /* HeartRateViewController.swift */ = {isa = PBXFileReference; lastKnownFileType = sourcecode.swift; path = HeartRateViewController.swift; sourceTree = "<group>"; };
		FAE507D92BA5FC46007EEA18 /* QueueManager.swift */ = {isa = PBXFileReference; fileEncoding = 4; lastKnownFileType = sourcecode.swift; path = QueueManager.swift; sourceTree = "<group>"; };
		FAE507DD2BA5FEFB007EEA18 /* UserManager.swift */ = {isa = PBXFileReference; fileEncoding = 4; lastKnownFileType = sourcecode.swift; path = UserManager.swift; sourceTree = "<group>"; };
		FAE507DE2BA5FEFB007EEA18 /* UserModel.swift */ = {isa = PBXFileReference; fileEncoding = 4; lastKnownFileType = sourcecode.swift; path = UserModel.swift; sourceTree = "<group>"; };
		FAE507E22BA5FF0D007EEA18 /* BPMUserSettings.swift */ = {isa = PBXFileReference; fileEncoding = 4; lastKnownFileType = sourcecode.swift; path = BPMUserSettings.swift; sourceTree = "<group>"; };
		FAE507E32BA5FF0D007EEA18 /* BPMUserManager.swift */ = {isa = PBXFileReference; fileEncoding = 4; lastKnownFileType = sourcecode.swift; path = BPMUserManager.swift; sourceTree = "<group>"; };
		FAE507E72BA60201007EEA18 /* DefiningPulseType.swift */ = {isa = PBXFileReference; fileEncoding = 4; lastKnownFileType = sourcecode.swift; path = DefiningPulseType.swift; sourceTree = "<group>"; };
		FAE661A52BB43C84000890D3 /* UnitsView.swift */ = {isa = PBXFileReference; lastKnownFileType = sourcecode.swift; path = UnitsView.swift; sourceTree = "<group>"; };
		FAE661A72BB44A0E000890D3 /* GenderFieldView.swift */ = {isa = PBXFileReference; lastKnownFileType = sourcecode.swift; path = GenderFieldView.swift; sourceTree = "<group>"; };
		FAF376DA2BADB13F00F311E8 /* GlobalButton.swift */ = {isa = PBXFileReference; lastKnownFileType = sourcecode.swift; path = GlobalButton.swift; sourceTree = "<group>"; };
		FAFD914B2BB850DB00A5B651 /* AnalyzViewController.swift */ = {isa = PBXFileReference; lastKnownFileType = sourcecode.swift; path = AnalyzViewController.swift; sourceTree = "<group>"; };
		FAFD914D2BB85EE200A5B651 /* TypesView.swift */ = {isa = PBXFileReference; fileEncoding = 4; lastKnownFileType = sourcecode.swift; path = TypesView.swift; sourceTree = "<group>"; };
/* End PBXFileReference section */

/* Begin PBXFrameworksBuildPhase section */
		FA9709B62B877CB90060BFBA /* Frameworks */ = {
			isa = PBXFrameworksBuildPhase;
			buildActionMask = 2147483647;
			files = (
				FAE507D72BA5F3CB007EEA18 /* RealmSwift in Frameworks */,
				FAE507D52BA5F3CB007EEA18 /* Realm in Frameworks */,
				A3BCC3DA6FF7EA701C999121 /* Pods_PulsApp.framework in Frameworks */,
			);
			runOnlyForDeploymentPostprocessing = 0;
		};
/* End PBXFrameworksBuildPhase section */

/* Begin PBXGroup section */
		140090DFFDD4432265FE34C6 /* Frameworks */ = {
			isa = PBXGroup;
			children = (
				CD7E8E08117A48842EEB6361 /* Pods_PulsApp.framework */,
			);
			name = Frameworks;
			sourceTree = "<group>";
		};
		60D544E7224A92A7072170D2 /* Pods */ = {
			isa = PBXGroup;
			children = (
				F312A057ED68AA723BFC2FEB /* Pods-PulsApp.debug.xcconfig */,
				96824881C32335C2E0F71CE3 /* Pods-PulsApp.release.xcconfig */,
			);
			path = Pods;
			sourceTree = "<group>";
		};
		FA6F6E2C2B88CF720086C77D /* Fonts */ = {
			isa = PBXGroup;
			children = (
				FA22B6572B88E0350071E256 /* SFProDisplay-Bold.ttf */,
			);
			path = Fonts;
			sourceTree = "<group>";
		};
		FA9709B02B877CB90060BFBA = {
			isa = PBXGroup;
			children = (
				FA9709BB2B877CB90060BFBA /* PulsApp */,
				FA9709BA2B877CB90060BFBA /* Products */,
				60D544E7224A92A7072170D2 /* Pods */,
				140090DFFDD4432265FE34C6 /* Frameworks */,
			);
			sourceTree = "<group>";
		};
		FA9709BA2B877CB90060BFBA /* Products */ = {
			isa = PBXGroup;
			children = (
				FA9709B92B877CB90060BFBA /* PulsApp.app */,
			);
			name = Products;
			sourceTree = "<group>";
		};
		FA9709BB2B877CB90060BFBA /* PulsApp */ = {
			isa = PBXGroup;
			children = (
				FAC0A6092BA8622F001F82C4 /* Views */,
				FAC0A6202BA87219001F82C4 /* ViewModel */,
				FAC0A6082BA86215001F82C4 /* Controllers */,
				FAE507DB2BA5FEE6007EEA18 /* Realm */,
				FAE507D82BA5FC46007EEA18 /* QueueManager */,
				FAE507E62BA60201007EEA18 /* DefiningPulseType */,
				FAC0A60A2BA862B0001F82C4 /* Helpers */,
				FA6F6E2C2B88CF720086C77D /* Fonts */,
				FAC0A61A2BA866E6001F82C4 /* Other */,
			);
			path = PulsApp;
			sourceTree = "<group>";
		};
		FAA64F452BAC73E700DE40CA /* Extension */ = {
			isa = PBXGroup;
			children = (
				FAA64F462BAC73E700DE40CA /* Extension.swift */,
			);
			path = Extension;
			sourceTree = "<group>";
		};
		FAB7774E2BB060E300EE193E /* SizeFactor */ = {
			isa = PBXGroup;
			children = (
				FAB7774F2BB060FD00EE193E /* SizeFactor.swift */,
			);
			path = SizeFactor;
			sourceTree = "<group>";
		};
		FAC0A6082BA86215001F82C4 /* Controllers */ = {
			isa = PBXGroup;
			children = (
				FAE136642B91E960006861A4 /* HeartRateViewController.swift */,
				FAA64F452BAC73E700DE40CA /* Extension */,
				FA9709C02B877CB90060BFBA /* AboutMeViewController.swift */,
				FA9C7F872B9C870F002CC469 /* CustomTabBarController.swift */,
				FAFD914B2BB850DB00A5B651 /* AnalyzViewController.swift */,
			);
			path = Controllers;
			sourceTree = "<group>";
		};
		FAC0A6092BA8622F001F82C4 /* Views */ = {
			isa = PBXGroup;
			children = (
				FA9227C02B99F4290065408B /* ProgressView.swift */,
				FAABD57B2B8B5DE6008CB3D4 /* CustomGenderCell.swift */,
				FAA031352B8DE7F400DBBA63 /* CustomParametersCell.swift */,
				FABB5EC52BA9D3CE0037A41C /* ReusableAlertView.swift */,
				FAF376DA2BADB13F00F311E8 /* GlobalButton.swift */,
				FAE661A52BB43C84000890D3 /* UnitsView.swift */,
				FAFD914D2BB85EE200A5B651 /* TypesView.swift */,
				FAE661A72BB44A0E000890D3 /* GenderFieldView.swift */,
			);
			path = Views;
			sourceTree = "<group>";
		};
		FAC0A60A2BA862B0001F82C4 /* Helpers */ = {
			isa = PBXGroup;
			children = (
				FAB7774E2BB060E300EE193E /* SizeFactor */,
				FAC0A60B2BA862B0001F82C4 /* ManagerHeart */,
				FAC0A60D2BA862B0001F82C4 /* Detector Helpers */,
				FAC0A6102BA862B0001F82C4 /* ExtensionHeart */,
				FAC0A6122BA862B0001F82C4 /* UtilitesHeart */,
			);
			path = Helpers;
			sourceTree = "<group>";
		};
		FAC0A60B2BA862B0001F82C4 /* ManagerHeart */ = {
			isa = PBXGroup;
			children = (
				FAC0A60C2BA862B0001F82C4 /* ManagerHeartRate.swift */,
			);
			path = ManagerHeart;
			sourceTree = "<group>";
		};
		FAC0A60D2BA862B0001F82C4 /* Detector Helpers */ = {
			isa = PBXGroup;
			children = (
				FAC0A60E2BA862B0001F82C4 /* FilterHeart.swift */,
				FAC0A60F2BA862B0001F82C4 /* PulseDetectorHeart.swift */,
			);
			path = "Detector Helpers";
			sourceTree = "<group>";
		};
		FAC0A6102BA862B0001F82C4 /* ExtensionHeart */ = {
			isa = PBXGroup;
			children = (
				FAC0A6112BA862B0001F82C4 /* AVDeviceCapture.swift */,
			);
			path = ExtensionHeart;
			sourceTree = "<group>";
		};
		FAC0A6122BA862B0001F82C4 /* UtilitesHeart */ = {
			isa = PBXGroup;
			children = (
				FAC0A6132BA862B0001F82C4 /* ColorUtilitesHeart.swift */,
			);
			path = UtilitesHeart;
			sourceTree = "<group>";
		};
		FAC0A61A2BA866E6001F82C4 /* Other */ = {
			isa = PBXGroup;
			children = (
				FA9709BC2B877CB90060BFBA /* AppDelegate.swift */,
				FA9709BE2B877CB90060BFBA /* SceneDelegate.swift */,
				FA9709C52B877CBA0060BFBA /* Assets.xcassets */,
				FA9709C72B877CBA0060BFBA /* LaunchScreen.storyboard */,
				FA9709CA2B877CBA0060BFBA /* Info.plist */,
			);
			path = Other;
			sourceTree = "<group>";
		};
		FAC0A6202BA87219001F82C4 /* ViewModel */ = {
			isa = PBXGroup;
			children = (
				FAC0A6212BA87219001F82C4 /* HeartRateViewModel.swift */,
			);
			path = ViewModel;
			sourceTree = "<group>";
		};
		FAE507D82BA5FC46007EEA18 /* QueueManager */ = {
			isa = PBXGroup;
			children = (
				FAE507D92BA5FC46007EEA18 /* QueueManager.swift */,
			);
			path = QueueManager;
			sourceTree = "<group>";
		};
		FAE507DB2BA5FEE6007EEA18 /* Realm */ = {
			isa = PBXGroup;
			children = (
				FAE507E12BA5FF0D007EEA18 /* BPM */,
				FAE507DC2BA5FEFB007EEA18 /* Model */,
			);
			path = Realm;
			sourceTree = "<group>";
		};
		FAE507DC2BA5FEFB007EEA18 /* Model */ = {
			isa = PBXGroup;
			children = (
				FAE507DD2BA5FEFB007EEA18 /* UserManager.swift */,
				FAE507DE2BA5FEFB007EEA18 /* UserModel.swift */,
			);
			path = Model;
			sourceTree = "<group>";
		};
		FAE507E12BA5FF0D007EEA18 /* BPM */ = {
			isa = PBXGroup;
			children = (
				FAE507E22BA5FF0D007EEA18 /* BPMUserSettings.swift */,
				FAE507E32BA5FF0D007EEA18 /* BPMUserManager.swift */,
			);
			path = BPM;
			sourceTree = "<group>";
		};
		FAE507E62BA60201007EEA18 /* DefiningPulseType */ = {
			isa = PBXGroup;
			children = (
				FAE507E72BA60201007EEA18 /* DefiningPulseType.swift */,
			);
			path = DefiningPulseType;
			sourceTree = "<group>";
		};
/* End PBXGroup section */

/* Begin PBXNativeTarget section */
		FA9709B82B877CB90060BFBA /* PulsApp */ = {
			isa = PBXNativeTarget;
			buildConfigurationList = FA9709CD2B877CBA0060BFBA /* Build configuration list for PBXNativeTarget "PulsApp" */;
			buildPhases = (
				2FC844856621F9A8EB916689 /* [CP] Check Pods Manifest.lock */,
				FA9709B52B877CB90060BFBA /* Sources */,
				FA9709B62B877CB90060BFBA /* Frameworks */,
				FA9709B72B877CB90060BFBA /* Resources */,
				D8233B8E4A43BCD053B04F0A /* [CP] Embed Pods Frameworks */,
			);
			buildRules = (
			);
			dependencies = (
			);
			name = PulsApp;
			packageProductDependencies = (
				FAE507D42BA5F3CB007EEA18 /* Realm */,
				FAE507D62BA5F3CB007EEA18 /* RealmSwift */,
			);
			productName = PulsApp;
			productReference = FA9709B92B877CB90060BFBA /* PulsApp.app */;
			productType = "com.apple.product-type.application";
		};
/* End PBXNativeTarget section */

/* Begin PBXProject section */
		FA9709B12B877CB90060BFBA /* Project object */ = {
			isa = PBXProject;
			attributes = {
				BuildIndependentTargetsInParallel = 1;
				LastSwiftUpdateCheck = 1500;
				LastUpgradeCheck = 1500;
				TargetAttributes = {
					FA9709B82B877CB90060BFBA = {
						CreatedOnToolsVersion = 15.0.1;
					};
				};
			};
			buildConfigurationList = FA9709B42B877CB90060BFBA /* Build configuration list for PBXProject "PulsApp" */;
			compatibilityVersion = "Xcode 14.0";
			developmentRegion = en;
			hasScannedForEncodings = 0;
			knownRegions = (
				en,
				Base,
			);
			mainGroup = FA9709B02B877CB90060BFBA;
			packageReferences = (
				FAE507D32BA5F3CB007EEA18 /* XCRemoteSwiftPackageReference "realm-swift" */,
			);
			productRefGroup = FA9709BA2B877CB90060BFBA /* Products */;
			projectDirPath = "";
			projectRoot = "";
			targets = (
				FA9709B82B877CB90060BFBA /* PulsApp */,
			);
		};
/* End PBXProject section */

/* Begin PBXResourcesBuildPhase section */
		FA9709B72B877CB90060BFBA /* Resources */ = {
			isa = PBXResourcesBuildPhase;
			buildActionMask = 2147483647;
			files = (
				FA9709C92B877CBA0060BFBA /* LaunchScreen.storyboard in Resources */,
				FA9709C62B877CBA0060BFBA /* Assets.xcassets in Resources */,
				FA22B6582B88E0350071E256 /* SFProDisplay-Bold.ttf in Resources */,
			);
			runOnlyForDeploymentPostprocessing = 0;
		};
/* End PBXResourcesBuildPhase section */

/* Begin PBXShellScriptBuildPhase section */
		2FC844856621F9A8EB916689 /* [CP] Check Pods Manifest.lock */ = {
			isa = PBXShellScriptBuildPhase;
			buildActionMask = 2147483647;
			files = (
			);
			inputFileListPaths = (
			);
			inputPaths = (
				"${PODS_PODFILE_DIR_PATH}/Podfile.lock",
				"${PODS_ROOT}/Manifest.lock",
			);
			name = "[CP] Check Pods Manifest.lock";
			outputFileListPaths = (
			);
			outputPaths = (
				"$(DERIVED_FILE_DIR)/Pods-PulsApp-checkManifestLockResult.txt",
			);
			runOnlyForDeploymentPostprocessing = 0;
			shellPath = /bin/sh;
			shellScript = "diff \"${PODS_PODFILE_DIR_PATH}/Podfile.lock\" \"${PODS_ROOT}/Manifest.lock\" > /dev/null\nif [ $? != 0 ] ; then\n    # print error to STDERR\n    echo \"error: The sandbox is not in sync with the Podfile.lock. Run 'pod install' or update your CocoaPods installation.\" >&2\n    exit 1\nfi\n# This output is used by Xcode 'outputs' to avoid re-running this script phase.\necho \"SUCCESS\" > \"${SCRIPT_OUTPUT_FILE_0}\"\n";
			showEnvVarsInLog = 0;
		};
		D8233B8E4A43BCD053B04F0A /* [CP] Embed Pods Frameworks */ = {
			isa = PBXShellScriptBuildPhase;
			buildActionMask = 2147483647;
			files = (
			);
			inputFileListPaths = (
				"${PODS_ROOT}/Target Support Files/Pods-PulsApp/Pods-PulsApp-frameworks-${CONFIGURATION}-input-files.xcfilelist",
			);
			name = "[CP] Embed Pods Frameworks";
			outputFileListPaths = (
				"${PODS_ROOT}/Target Support Files/Pods-PulsApp/Pods-PulsApp-frameworks-${CONFIGURATION}-output-files.xcfilelist",
			);
			runOnlyForDeploymentPostprocessing = 0;
			shellPath = /bin/sh;
			shellScript = "\"${PODS_ROOT}/Target Support Files/Pods-PulsApp/Pods-PulsApp-frameworks.sh\"\n";
			showEnvVarsInLog = 0;
		};
/* End PBXShellScriptBuildPhase section */

/* Begin PBXSourcesBuildPhase section */
		FA9709B52B877CB90060BFBA /* Sources */ = {
			isa = PBXSourcesBuildPhase;
			buildActionMask = 2147483647;
			files = (
				FAE507DA2BA5FC47007EEA18 /* QueueManager.swift in Sources */,
				FA9709C12B877CB90060BFBA /* AboutMeViewController.swift in Sources */,
				FAC0A6142BA862B0001F82C4 /* ManagerHeartRate.swift in Sources */,
				FAC0A6172BA862B0001F82C4 /* AVDeviceCapture.swift in Sources */,
				FAA031362B8DE7F400DBBA63 /* CustomParametersCell.swift in Sources */,
				FAC0A6182BA862B0001F82C4 /* ColorUtilitesHeart.swift in Sources */,
				FAE507E52BA5FF0D007EEA18 /* BPMUserManager.swift in Sources */,
				FAE661A62BB43C84000890D3 /* UnitsView.swift in Sources */,
				FA9C7F882B9C870F002CC469 /* CustomTabBarController.swift in Sources */,
				FAC0A6152BA862B0001F82C4 /* FilterHeart.swift in Sources */,
				FAE507E82BA60201007EEA18 /* DefiningPulseType.swift in Sources */,
				FAABD57C2B8B5DE6008CB3D4 /* CustomGenderCell.swift in Sources */,
				FAE661A82BB44A0E000890D3 /* GenderFieldView.swift in Sources */,
				FAC0A6222BA87219001F82C4 /* HeartRateViewModel.swift in Sources */,
				FAE136652B91E960006861A4 /* HeartRateViewController.swift in Sources */,
				FAB777502BB060FD00EE193E /* SizeFactor.swift in Sources */,
				FAC0A6162BA862B0001F82C4 /* PulseDetectorHeart.swift in Sources */,
				FA9227C12B99F4290065408B /* ProgressView.swift in Sources */,
				FAA64F472BAC73E700DE40CA /* Extension.swift in Sources */,
				FA9709BD2B877CB90060BFBA /* AppDelegate.swift in Sources */,
				FAE507DF2BA5FEFB007EEA18 /* UserManager.swift in Sources */,
				FABB5EC62BA9D3CE0037A41C /* ReusableAlertView.swift in Sources */,
				FAFD914E2BB85EE200A5B651 /* TypesView.swift in Sources */,
				FAFD914C2BB850DB00A5B651 /* AnalyzViewController.swift in Sources */,
				FA9709BF2B877CB90060BFBA /* SceneDelegate.swift in Sources */,
				FAF376DB2BADB13F00F311E8 /* GlobalButton.swift in Sources */,
				FAE507E02BA5FEFB007EEA18 /* UserModel.swift in Sources */,
				FAE507E42BA5FF0D007EEA18 /* BPMUserSettings.swift in Sources */,
			);
			runOnlyForDeploymentPostprocessing = 0;
		};
/* End PBXSourcesBuildPhase section */

/* Begin PBXVariantGroup section */
		FA9709C72B877CBA0060BFBA /* LaunchScreen.storyboard */ = {
			isa = PBXVariantGroup;
			children = (
				FA9709C82B877CBA0060BFBA /* Base */,
			);
			name = LaunchScreen.storyboard;
			sourceTree = "<group>";
		};
/* End PBXVariantGroup section */

/* Begin XCBuildConfiguration section */
		FA9709CB2B877CBA0060BFBA /* Debug */ = {
			isa = XCBuildConfiguration;
			buildSettings = {
				ALWAYS_SEARCH_USER_PATHS = NO;
				ASSETCATALOG_COMPILER_GENERATE_SWIFT_ASSET_SYMBOL_EXTENSIONS = YES;
				CLANG_ANALYZER_NONNULL = YES;
				CLANG_ANALYZER_NUMBER_OBJECT_CONVERSION = YES_AGGRESSIVE;
				CLANG_CXX_LANGUAGE_STANDARD = "gnu++20";
				CLANG_ENABLE_MODULES = YES;
				CLANG_ENABLE_OBJC_ARC = YES;
				CLANG_ENABLE_OBJC_WEAK = YES;
				CLANG_WARN_BLOCK_CAPTURE_AUTORELEASING = YES;
				CLANG_WARN_BOOL_CONVERSION = YES;
				CLANG_WARN_COMMA = YES;
				CLANG_WARN_CONSTANT_CONVERSION = YES;
				CLANG_WARN_DEPRECATED_OBJC_IMPLEMENTATIONS = YES;
				CLANG_WARN_DIRECT_OBJC_ISA_USAGE = YES_ERROR;
				CLANG_WARN_DOCUMENTATION_COMMENTS = YES;
				CLANG_WARN_EMPTY_BODY = YES;
				CLANG_WARN_ENUM_CONVERSION = YES;
				CLANG_WARN_INFINITE_RECURSION = YES;
				CLANG_WARN_INT_CONVERSION = YES;
				CLANG_WARN_NON_LITERAL_NULL_CONVERSION = YES;
				CLANG_WARN_OBJC_IMPLICIT_RETAIN_SELF = YES;
				CLANG_WARN_OBJC_LITERAL_CONVERSION = YES;
				CLANG_WARN_OBJC_ROOT_CLASS = YES_ERROR;
				CLANG_WARN_QUOTED_INCLUDE_IN_FRAMEWORK_HEADER = YES;
				CLANG_WARN_RANGE_LOOP_ANALYSIS = YES;
				CLANG_WARN_STRICT_PROTOTYPES = YES;
				CLANG_WARN_SUSPICIOUS_MOVE = YES;
				CLANG_WARN_UNGUARDED_AVAILABILITY = YES_AGGRESSIVE;
				CLANG_WARN_UNREACHABLE_CODE = YES;
				CLANG_WARN__DUPLICATE_METHOD_MATCH = YES;
				COPY_PHASE_STRIP = NO;
				DEBUG_INFORMATION_FORMAT = dwarf;
				ENABLE_STRICT_OBJC_MSGSEND = YES;
				ENABLE_TESTABILITY = YES;
				ENABLE_USER_SCRIPT_SANDBOXING = YES;
				GCC_C_LANGUAGE_STANDARD = gnu17;
				GCC_DYNAMIC_NO_PIC = NO;
				GCC_NO_COMMON_BLOCKS = YES;
				GCC_OPTIMIZATION_LEVEL = 0;
				GCC_PREPROCESSOR_DEFINITIONS = (
					"DEBUG=1",
					"$(inherited)",
				);
				GCC_WARN_64_TO_32_BIT_CONVERSION = YES;
				GCC_WARN_ABOUT_RETURN_TYPE = YES_ERROR;
				GCC_WARN_UNDECLARED_SELECTOR = YES;
				GCC_WARN_UNINITIALIZED_AUTOS = YES_AGGRESSIVE;
				GCC_WARN_UNUSED_FUNCTION = YES;
				GCC_WARN_UNUSED_VARIABLE = YES;
				IPHONEOS_DEPLOYMENT_TARGET = 16.0;
				LOCALIZATION_PREFERS_STRING_CATALOGS = YES;
				MTL_ENABLE_DEBUG_INFO = INCLUDE_SOURCE;
				MTL_FAST_MATH = YES;
				ONLY_ACTIVE_ARCH = YES;
				SDKROOT = iphoneos;
				SWIFT_ACTIVE_COMPILATION_CONDITIONS = "DEBUG $(inherited)";
				SWIFT_OPTIMIZATION_LEVEL = "-Onone";
			};
			name = Debug;
		};
		FA9709CC2B877CBA0060BFBA /* Release */ = {
			isa = XCBuildConfiguration;
			buildSettings = {
				ALWAYS_SEARCH_USER_PATHS = NO;
				ASSETCATALOG_COMPILER_GENERATE_SWIFT_ASSET_SYMBOL_EXTENSIONS = YES;
				CLANG_ANALYZER_NONNULL = YES;
				CLANG_ANALYZER_NUMBER_OBJECT_CONVERSION = YES_AGGRESSIVE;
				CLANG_CXX_LANGUAGE_STANDARD = "gnu++20";
				CLANG_ENABLE_MODULES = YES;
				CLANG_ENABLE_OBJC_ARC = YES;
				CLANG_ENABLE_OBJC_WEAK = YES;
				CLANG_WARN_BLOCK_CAPTURE_AUTORELEASING = YES;
				CLANG_WARN_BOOL_CONVERSION = YES;
				CLANG_WARN_COMMA = YES;
				CLANG_WARN_CONSTANT_CONVERSION = YES;
				CLANG_WARN_DEPRECATED_OBJC_IMPLEMENTATIONS = YES;
				CLANG_WARN_DIRECT_OBJC_ISA_USAGE = YES_ERROR;
				CLANG_WARN_DOCUMENTATION_COMMENTS = YES;
				CLANG_WARN_EMPTY_BODY = YES;
				CLANG_WARN_ENUM_CONVERSION = YES;
				CLANG_WARN_INFINITE_RECURSION = YES;
				CLANG_WARN_INT_CONVERSION = YES;
				CLANG_WARN_NON_LITERAL_NULL_CONVERSION = YES;
				CLANG_WARN_OBJC_IMPLICIT_RETAIN_SELF = YES;
				CLANG_WARN_OBJC_LITERAL_CONVERSION = YES;
				CLANG_WARN_OBJC_ROOT_CLASS = YES_ERROR;
				CLANG_WARN_QUOTED_INCLUDE_IN_FRAMEWORK_HEADER = YES;
				CLANG_WARN_RANGE_LOOP_ANALYSIS = YES;
				CLANG_WARN_STRICT_PROTOTYPES = YES;
				CLANG_WARN_SUSPICIOUS_MOVE = YES;
				CLANG_WARN_UNGUARDED_AVAILABILITY = YES_AGGRESSIVE;
				CLANG_WARN_UNREACHABLE_CODE = YES;
				CLANG_WARN__DUPLICATE_METHOD_MATCH = YES;
				COPY_PHASE_STRIP = NO;
				DEBUG_INFORMATION_FORMAT = "dwarf-with-dsym";
				ENABLE_NS_ASSERTIONS = NO;
				ENABLE_STRICT_OBJC_MSGSEND = YES;
				ENABLE_USER_SCRIPT_SANDBOXING = YES;
				GCC_C_LANGUAGE_STANDARD = gnu17;
				GCC_NO_COMMON_BLOCKS = YES;
				GCC_WARN_64_TO_32_BIT_CONVERSION = YES;
				GCC_WARN_ABOUT_RETURN_TYPE = YES_ERROR;
				GCC_WARN_UNDECLARED_SELECTOR = YES;
				GCC_WARN_UNINITIALIZED_AUTOS = YES_AGGRESSIVE;
				GCC_WARN_UNUSED_FUNCTION = YES;
				GCC_WARN_UNUSED_VARIABLE = YES;
				IPHONEOS_DEPLOYMENT_TARGET = 16.0;
				LOCALIZATION_PREFERS_STRING_CATALOGS = YES;
				MTL_ENABLE_DEBUG_INFO = NO;
				MTL_FAST_MATH = YES;
				SDKROOT = iphoneos;
				SWIFT_COMPILATION_MODE = wholemodule;
				VALIDATE_PRODUCT = YES;
			};
			name = Release;
		};
		FA9709CE2B877CBA0060BFBA /* Debug */ = {
			isa = XCBuildConfiguration;
			baseConfigurationReference = F312A057ED68AA723BFC2FEB /* Pods-PulsApp.debug.xcconfig */;
			buildSettings = {
				ASSETCATALOG_COMPILER_APPICON_NAME = AppIcon;
				ASSETCATALOG_COMPILER_GLOBAL_ACCENT_COLOR_NAME = AccentColor;
				CODE_SIGN_STYLE = Automatic;
				CURRENT_PROJECT_VERSION = 1;
				DEVELOPMENT_ASSET_PATHS = "";
				DEVELOPMENT_TEAM = 3D79N279KQ;
				ENABLE_USER_SCRIPT_SANDBOXING = NO;
				GENERATE_INFOPLIST_FILE = YES;
				INFOPLIST_FILE = /Users/macbook/Desktop/Apps/PulsApp/PulsApp/PulsApp/Other/Info.plist;
				INFOPLIST_KEY_UIApplicationSupportsIndirectInputEvents = YES;
				INFOPLIST_KEY_UILaunchStoryboardName = LaunchScreen;
				INFOPLIST_KEY_UISupportedInterfaceOrientations_iPad = "UIInterfaceOrientationPortrait UIInterfaceOrientationPortraitUpsideDown UIInterfaceOrientationLandscapeLeft UIInterfaceOrientationLandscapeRight";
				INFOPLIST_KEY_UISupportedInterfaceOrientations_iPhone = "UIInterfaceOrientationPortrait UIInterfaceOrientationLandscapeLeft UIInterfaceOrientationLandscapeRight";
				LD_RUNPATH_SEARCH_PATHS = (
					"$(inherited)",
					"@executable_path/Frameworks",
				);
				MARKETING_VERSION = 1.0;
				PRODUCT_BUNDLE_IDENTIFIER = Ivan.PulsApp;
				PRODUCT_NAME = "$(TARGET_NAME)";
				SWIFT_EMIT_LOC_STRINGS = YES;
				SWIFT_VERSION = 5.0;
				TARGETED_DEVICE_FAMILY = "1,2";
			};
			name = Debug;
		};
		FA9709CF2B877CBA0060BFBA /* Release */ = {
			isa = XCBuildConfiguration;
			baseConfigurationReference = 96824881C32335C2E0F71CE3 /* Pods-PulsApp.release.xcconfig */;
			buildSettings = {
				ASSETCATALOG_COMPILER_APPICON_NAME = AppIcon;
				ASSETCATALOG_COMPILER_GLOBAL_ACCENT_COLOR_NAME = AccentColor;
				CODE_SIGN_STYLE = Automatic;
				CURRENT_PROJECT_VERSION = 1;
				DEVELOPMENT_ASSET_PATHS = "";
				DEVELOPMENT_TEAM = 3D79N279KQ;
				ENABLE_USER_SCRIPT_SANDBOXING = NO;
				GENERATE_INFOPLIST_FILE = YES;
				INFOPLIST_FILE = /Users/macbook/Desktop/Apps/PulsApp/PulsApp/PulsApp/Other/Info.plist;
				INFOPLIST_KEY_UIApplicationSupportsIndirectInputEvents = YES;
				INFOPLIST_KEY_UILaunchStoryboardName = LaunchScreen;
				INFOPLIST_KEY_UISupportedInterfaceOrientations_iPad = "UIInterfaceOrientationPortrait UIInterfaceOrientationPortraitUpsideDown UIInterfaceOrientationLandscapeLeft UIInterfaceOrientationLandscapeRight";
				INFOPLIST_KEY_UISupportedInterfaceOrientations_iPhone = "UIInterfaceOrientationPortrait UIInterfaceOrientationLandscapeLeft UIInterfaceOrientationLandscapeRight";
				LD_RUNPATH_SEARCH_PATHS = (
					"$(inherited)",
					"@executable_path/Frameworks",
				);
				MARKETING_VERSION = 1.0;
				PRODUCT_BUNDLE_IDENTIFIER = Ivan.PulsApp;
				PRODUCT_NAME = "$(TARGET_NAME)";
				SWIFT_EMIT_LOC_STRINGS = YES;
				SWIFT_VERSION = 5.0;
				TARGETED_DEVICE_FAMILY = "1,2";
			};
			name = Release;
		};
/* End XCBuildConfiguration section */

/* Begin XCConfigurationList section */
		FA9709B42B877CB90060BFBA /* Build configuration list for PBXProject "PulsApp" */ = {
			isa = XCConfigurationList;
			buildConfigurations = (
				FA9709CB2B877CBA0060BFBA /* Debug */,
				FA9709CC2B877CBA0060BFBA /* Release */,
			);
			defaultConfigurationIsVisible = 0;
			defaultConfigurationName = Release;
		};
		FA9709CD2B877CBA0060BFBA /* Build configuration list for PBXNativeTarget "PulsApp" */ = {
			isa = XCConfigurationList;
			buildConfigurations = (
				FA9709CE2B877CBA0060BFBA /* Debug */,
				FA9709CF2B877CBA0060BFBA /* Release */,
			);
			defaultConfigurationIsVisible = 0;
			defaultConfigurationName = Release;
		};
/* End XCConfigurationList section */

/* Begin XCRemoteSwiftPackageReference section */
		FAE507D32BA5F3CB007EEA18 /* XCRemoteSwiftPackageReference "realm-swift" */ = {
			isa = XCRemoteSwiftPackageReference;
			repositoryURL = "https://github.com/realm/realm-swift.git";
			requirement = {
				kind = upToNextMajorVersion;
				minimumVersion = 10.48.1;
			};
		};
/* End XCRemoteSwiftPackageReference section */

/* Begin XCSwiftPackageProductDependency section */
		FAE507D42BA5F3CB007EEA18 /* Realm */ = {
			isa = XCSwiftPackageProductDependency;
			package = FAE507D32BA5F3CB007EEA18 /* XCRemoteSwiftPackageReference "realm-swift" */;
			productName = Realm;
		};
		FAE507D62BA5F3CB007EEA18 /* RealmSwift */ = {
			isa = XCSwiftPackageProductDependency;
			package = FAE507D32BA5F3CB007EEA18 /* XCRemoteSwiftPackageReference "realm-swift" */;
			productName = RealmSwift;
		};
/* End XCSwiftPackageProductDependency section */
	};
	rootObject = FA9709B12B877CB90060BFBA /* Project object */;
}
